
Microsoft Visual Studio Solution File, Format Version 12.00
# Visual Studio Version 17
VisualStudioVersion = 17.0.31903.59
MinimumVisualStudioVersion = 10.0.40219.1
Project("{2150E333-8FDC-42A3-9474-1A3956D46DE8}") = "src", "src", "{8282A560-F631-4D18-B8AE-1C35A03ACA3B}"
EndProject
Project("{FAE04EC0-301F-11D3-BF4B-00C04F79EFBC}") = "Wiegand26", "src\Wiegand26\Wiegand26.csproj", "{7A258B4C-B0D6-428C-A87D-79C2FD2BB50E}"
EndProject
Project("{2150E333-8FDC-42A3-9474-1A3956D46DE8}") = "tests", "tests", "{37AAE624-F8B5-4C0F-B468-F6BC3784379D}"
EndProject
Project("{FAE04EC0-301F-11D3-BF4B-00C04F79EFBC}") = "Wiegand26.UnitTests", "tests\Wiegand26.UnitTests\Wiegand26.UnitTests.csproj", "{68B810A8-911B-40B7-9D5F-859008C86EC9}"
EndProject
Global
	GlobalSection(SolutionConfigurationPlatforms) = preSolution
		Debug|Any CPU = Debug|Any CPU
		Release|Any CPU = Release|Any CPU
	EndGlobalSection
	GlobalSection(SolutionProperties) = preSolution
		HideSolutionNode = FALSE
	EndGlobalSection
	GlobalSection(ProjectConfigurationPlatforms) = postSolution
		{7A258B4C-B0D6-428C-A87D-79C2FD2BB50E}.Debug|Any CPU.ActiveCfg = Debug|Any CPU
		{7A258B4C-B0D6-428C-A87D-79C2FD2BB50E}.Debug|Any CPU.Build.0 = Debug|Any CPU
		{7A258B4C-B0D6-428C-A87D-79C2FD2BB50E}.Release|Any CPU.ActiveCfg = Release|Any CPU
		{7A258B4C-B0D6-428C-A87D-79C2FD2BB50E}.Release|Any CPU.Build.0 = Release|Any CPU
		{68B810A8-911B-40B7-9D5F-859008C86EC9}.Debug|Any CPU.ActiveCfg = Debug|Any CPU
		{68B810A8-911B-40B7-9D5F-859008C86EC9}.Debug|Any CPU.Build.0 = Debug|Any CPU
		{68B810A8-911B-40B7-9D5F-859008C86EC9}.Release|Any CPU.ActiveCfg = Release|Any CPU
		{68B810A8-911B-40B7-9D5F-859008C86EC9}.Release|Any CPU.Build.0 = Release|Any CPU
	EndGlobalSection
	GlobalSection(NestedProjects) = preSolution
		{7A258B4C-B0D6-428C-A87D-79C2FD2BB50E} = {8282A560-F631-4D18-B8AE-1C35A03ACA3B}
		{68B810A8-911B-40B7-9D5F-859008C86EC9} = {37AAE624-F8B5-4C0F-B468-F6BC3784379D}
	EndGlobalSection
EndGlobal
